
Microsoft Visual Studio Solution File, Format Version 12.00
# Visual Studio Version 17
VisualStudioVersion = 17.1.32421.90
MinimumVisualStudioVersion = 10.0.40219.1
Project("{FAE04EC0-301F-11D3-BF4B-00C04F79EFBC}") = "rover.spa", "rover.spa\rover.spa.csproj", "{169F5E4A-4A82-4817-8C58-69FBE83AA5D6}"
EndProject
Project("{2150E333-8FDC-42A3-9474-1A3956D46DE8}") = "Solution Items", "Solution Items", "{E0699B7D-7190-4FE2-932F-86496D85DE8C}"
	ProjectSection(SolutionItems) = preProject
		readme.md = readme.md
	EndProjectSection
EndProject
Project("{FAE04EC0-301F-11D3-BF4B-00C04F79EFBC}") = "rover.tests", "rover.tests\rover.tests.csproj", "{10645AE3-63B3-41EE-9648-5E506B028B2C}"
EndProject
Global
	GlobalSection(SolutionConfigurationPlatforms) = preSolution
		Debug|Any CPU = Debug|Any CPU
		Release|Any CPU = Release|Any CPU
	EndGlobalSection
	GlobalSection(ProjectConfigurationPlatforms) = postSolution
		{169F5E4A-4A82-4817-8C58-69FBE83AA5D6}.Debug|Any CPU.ActiveCfg = Debug|Any CPU
		{169F5E4A-4A82-4817-8C58-69FBE83AA5D6}.Debug|Any CPU.Build.0 = Debug|Any CPU
		{169F5E4A-4A82-4817-8C58-69FBE83AA5D6}.Release|Any CPU.ActiveCfg = Release|Any CPU
		{169F5E4A-4A82-4817-8C58-69FBE83AA5D6}.Release|Any CPU.Build.0 = Release|Any CPU
		{10645AE3-63B3-41EE-9648-5E506B028B2C}.Debug|Any CPU.ActiveCfg = Debug|Any CPU
		{10645AE3-63B3-41EE-9648-5E506B028B2C}.Debug|Any CPU.Build.0 = Debug|Any CPU
		{10645AE3-63B3-41EE-9648-5E506B028B2C}.Release|Any CPU.ActiveCfg = Release|Any CPU
		{10645AE3-63B3-41EE-9648-5E506B028B2C}.Release|Any CPU.Build.0 = Release|Any CPU
	EndGlobalSection
	GlobalSection(SolutionProperties) = preSolution
		HideSolutionNode = FALSE
	EndGlobalSection
	GlobalSection(ExtensibilityGlobals) = postSolution
		SolutionGuid = {42E394F1-92B7-4D26-B5BF-60876C3366E7}
	EndGlobalSection
EndGlobal
